// !$*UTF8*$!
{
	archiveVersion = 1;
	classes = {
	};
	objectVersion = 48;
	objects = {

/* Begin PBXBuildFile section */
		0304F1D51FC272F000BB9ACE /* GridStore.swift in Sources */ = {isa = PBXBuildFile; fileRef = 0304F1D41FC272F000BB9ACE /* GridStore.swift */; };
		0304F1D71FC35F5800BB9ACE /* GridCell.swift in Sources */ = {isa = PBXBuildFile; fileRef = 0304F1D61FC35F5800BB9ACE /* GridCell.swift */; };
		031C923B1FC0A4D0005BF3BD /* MasterViewController.swift in Sources */ = {isa = PBXBuildFile; fileRef = 031C923A1FC0A4D0005BF3BD /* MasterViewController.swift */; };
		031C923D1FC0A709005BF3BD /* DetailViewController.swift in Sources */ = {isa = PBXBuildFile; fileRef = 031C923C1FC0A709005BF3BD /* DetailViewController.swift */; };
		031C923F1FC0A992005BF3BD /* Grid.swift in Sources */ = {isa = PBXBuildFile; fileRef = 031C923E1FC0A992005BF3BD /* Grid.swift */; };
		034F41EC1FBCC1A30079AE29 /* AppDelegate.swift in Sources */ = {isa = PBXBuildFile; fileRef = 034F41EB1FBCC1A30079AE29 /* AppDelegate.swift */; };
		034F41F11FBCC1A30079AE29 /* Main.storyboard in Resources */ = {isa = PBXBuildFile; fileRef = 034F41EF1FBCC1A30079AE29 /* Main.storyboard */; };
		034F41F31FBCC1A30079AE29 /* Assets.xcassets in Resources */ = {isa = PBXBuildFile; fileRef = 034F41F21FBCC1A30079AE29 /* Assets.xcassets */; };
		034F41F61FBCC1A30079AE29 /* LaunchScreen.storyboard in Resources */ = {isa = PBXBuildFile; fileRef = 034F41F41FBCC1A30079AE29 /* LaunchScreen.storyboard */; };
		034F42011FBCC1A30079AE29 /* TestColonyTests.swift in Sources */ = {isa = PBXBuildFile; fileRef = 034F42001FBCC1A30079AE29 /* TestColonyTests.swift */; };
		034F420C1FBCC1A30079AE29 /* TestColonyUITests.swift in Sources */ = {isa = PBXBuildFile; fileRef = 034F420B1FBCC1A30079AE29 /* TestColonyUITests.swift */; };
/* End PBXBuildFile section */

/* Begin PBXContainerItemProxy section */
		034F41FD1FBCC1A30079AE29 /* PBXContainerItemProxy */ = {
			isa = PBXContainerItemProxy;
			containerPortal = 034F41E01FBCC1A20079AE29 /* Project object */;
			proxyType = 1;
			remoteGlobalIDString = 034F41E71FBCC1A20079AE29;
			remoteInfo = TestColony;
		};
		034F42081FBCC1A30079AE29 /* PBXContainerItemProxy */ = {
			isa = PBXContainerItemProxy;
			containerPortal = 034F41E01FBCC1A20079AE29 /* Project object */;
			proxyType = 1;
			remoteGlobalIDString = 034F41E71FBCC1A20079AE29;
			remoteInfo = TestColony;
		};
/* End PBXContainerItemProxy section */

/* Begin PBXFileReference section */
		0304F1D41FC272F000BB9ACE /* GridStore.swift */ = {isa = PBXFileReference; lastKnownFileType = sourcecode.swift; path = GridStore.swift; sourceTree = "<group>"; };
		0304F1D61FC35F5800BB9ACE /* GridCell.swift */ = {isa = PBXFileReference; lastKnownFileType = sourcecode.swift; path = GridCell.swift; sourceTree = "<group>"; };
		031C923A1FC0A4D0005BF3BD /* MasterViewController.swift */ = {isa = PBXFileReference; lastKnownFileType = sourcecode.swift; path = MasterViewController.swift; sourceTree = "<group>"; };
		031C923C1FC0A709005BF3BD /* DetailViewController.swift */ = {isa = PBXFileReference; lastKnownFileType = sourcecode.swift; path = DetailViewController.swift; sourceTree = "<group>"; };
		031C923E1FC0A992005BF3BD /* Grid.swift */ = {isa = PBXFileReference; lastKnownFileType = sourcecode.swift; path = Grid.swift; sourceTree = "<group>"; };
		034F41E81FBCC1A30079AE29 /* TestColony.app */ = {isa = PBXFileReference; explicitFileType = wrapper.application; includeInIndex = 0; path = TestColony.app; sourceTree = BUILT_PRODUCTS_DIR; };
		034F41EB1FBCC1A30079AE29 /* AppDelegate.swift */ = {isa = PBXFileReference; lastKnownFileType = sourcecode.swift; path = AppDelegate.swift; sourceTree = "<group>"; };
		034F41F01FBCC1A30079AE29 /* Base */ = {isa = PBXFileReference; lastKnownFileType = file.storyboard; name = Base; path = Base.lproj/Main.storyboard; sourceTree = "<group>"; };
		034F41F21FBCC1A30079AE29 /* Assets.xcassets */ = {isa = PBXFileReference; lastKnownFileType = folder.assetcatalog; path = Assets.xcassets; sourceTree = "<group>"; };
		034F41F51FBCC1A30079AE29 /* Base */ = {isa = PBXFileReference; lastKnownFileType = file.storyboard; name = Base; path = Base.lproj/LaunchScreen.storyboard; sourceTree = "<group>"; };
		034F41F71FBCC1A30079AE29 /* Info.plist */ = {isa = PBXFileReference; lastKnownFileType = text.plist.xml; path = Info.plist; sourceTree = "<group>"; };
		034F41FC1FBCC1A30079AE29 /* TestColonyTests.xctest */ = {isa = PBXFileReference; explicitFileType = wrapper.cfbundle; includeInIndex = 0; path = TestColonyTests.xctest; sourceTree = BUILT_PRODUCTS_DIR; };
		034F42001FBCC1A30079AE29 /* TestColonyTests.swift */ = {isa = PBXFileReference; lastKnownFileType = sourcecode.swift; path = TestColonyTests.swift; sourceTree = "<group>"; };
		034F42021FBCC1A30079AE29 /* Info.plist */ = {isa = PBXFileReference; lastKnownFileType = text.plist.xml; path = Info.plist; sourceTree = "<group>"; };
		034F42071FBCC1A30079AE29 /* TestColonyUITests.xctest */ = {isa = PBXFileReference; explicitFileType = wrapper.cfbundle; includeInIndex = 0; path = TestColonyUITests.xctest; sourceTree = BUILT_PRODUCTS_DIR; };
		034F420B1FBCC1A30079AE29 /* TestColonyUITests.swift */ = {isa = PBXFileReference; lastKnownFileType = sourcecode.swift; path = TestColonyUITests.swift; sourceTree = "<group>"; };
		034F420D1FBCC1A30079AE29 /* Info.plist */ = {isa = PBXFileReference; lastKnownFileType = text.plist.xml; path = Info.plist; sourceTree = "<group>"; };
/* End PBXFileReference section */

/* Begin PBXFrameworksBuildPhase section */
		034F41E51FBCC1A20079AE29 /* Frameworks */ = {
			isa = PBXFrameworksBuildPhase;
			buildActionMask = 2147483647;
			files = (
			);
			runOnlyForDeploymentPostprocessing = 0;
		};
		034F41F91FBCC1A30079AE29 /* Frameworks */ = {
			isa = PBXFrameworksBuildPhase;
			buildActionMask = 2147483647;
			files = (
			);
			runOnlyForDeploymentPostprocessing = 0;
		};
		034F42041FBCC1A30079AE29 /* Frameworks */ = {
			isa = PBXFrameworksBuildPhase;
			buildActionMask = 2147483647;
			files = (
			);
			runOnlyForDeploymentPostprocessing = 0;
		};
/* End PBXFrameworksBuildPhase section */

/* Begin PBXGroup section */
		034F41DF1FBCC1A20079AE29 = {
			isa = PBXGroup;
			children = (
				034F41EA1FBCC1A30079AE29 /* TestColony */,
				034F41FF1FBCC1A30079AE29 /* TestColonyTests */,
				034F420A1FBCC1A30079AE29 /* TestColonyUITests */,
				034F41E91FBCC1A30079AE29 /* Products */,
			);
			sourceTree = "<group>";
		};
		034F41E91FBCC1A30079AE29 /* Products */ = {
			isa = PBXGroup;
			children = (
				034F41E81FBCC1A30079AE29 /* TestColony.app */,
				034F41FC1FBCC1A30079AE29 /* TestColonyTests.xctest */,
				034F42071FBCC1A30079AE29 /* TestColonyUITests.xctest */,
			);
			name = Products;
			sourceTree = "<group>";
		};
		034F41EA1FBCC1A30079AE29 /* TestColony */ = {
			isa = PBXGroup;
			children = (
				034F41EB1FBCC1A30079AE29 /* AppDelegate.swift */,
				034F41EF1FBCC1A30079AE29 /* Main.storyboard */,
				031C923A1FC0A4D0005BF3BD /* MasterViewController.swift */,
				031C923C1FC0A709005BF3BD /* DetailViewController.swift */,
				0304F1D61FC35F5800BB9ACE /* GridCell.swift */,
				0304F1D41FC272F000BB9ACE /* GridStore.swift */,
				031C923E1FC0A992005BF3BD /* Grid.swift */,
				034F41F21FBCC1A30079AE29 /* Assets.xcassets */,
				034F41F41FBCC1A30079AE29 /* LaunchScreen.storyboard */,
				034F41F71FBCC1A30079AE29 /* Info.plist */,
			);
			path = TestColony;
			sourceTree = "<group>";
		};
		034F41FF1FBCC1A30079AE29 /* TestColonyTests */ = {
			isa = PBXGroup;
			children = (
				034F42001FBCC1A30079AE29 /* TestColonyTests.swift */,
				034F42021FBCC1A30079AE29 /* Info.plist */,
			);
			path = TestColonyTests;
			sourceTree = "<group>";
		};
		034F420A1FBCC1A30079AE29 /* TestColonyUITests */ = {
			isa = PBXGroup;
			children = (
				034F420B1FBCC1A30079AE29 /* TestColonyUITests.swift */,
				034F420D1FBCC1A30079AE29 /* Info.plist */,
			);
			path = TestColonyUITests;
			sourceTree = "<group>";
		};
/* End PBXGroup section */

/* Begin PBXNativeTarget section */
		034F41E71FBCC1A20079AE29 /* TestColony */ = {
			isa = PBXNativeTarget;
			buildConfigurationList = 034F42101FBCC1A30079AE29 /* Build configuration list for PBXNativeTarget "TestColony" */;
			buildPhases = (
				034F41E41FBCC1A20079AE29 /* Sources */,
				034F41E51FBCC1A20079AE29 /* Frameworks */,
				034F41E61FBCC1A20079AE29 /* Resources */,
			);
			buildRules = (
			);
			dependencies = (
			);
			name = TestColony;
			productName = TestColony;
			productReference = 034F41E81FBCC1A30079AE29 /* TestColony.app */;
			productType = "com.apple.product-type.application";
		};
		034F41FB1FBCC1A30079AE29 /* TestColonyTests */ = {
			isa = PBXNativeTarget;
			buildConfigurationList = 034F42131FBCC1A30079AE29 /* Build configuration list for PBXNativeTarget "TestColonyTests" */;
			buildPhases = (
				034F41F81FBCC1A30079AE29 /* Sources */,
				034F41F91FBCC1A30079AE29 /* Frameworks */,
				034F41FA1FBCC1A30079AE29 /* Resources */,
			);
			buildRules = (
			);
			dependencies = (
				034F41FE1FBCC1A30079AE29 /* PBXTargetDependency */,
			);
			name = TestColonyTests;
			productName = TestColonyTests;
			productReference = 034F41FC1FBCC1A30079AE29 /* TestColonyTests.xctest */;
			productType = "com.apple.product-type.bundle.unit-test";
		};
		034F42061FBCC1A30079AE29 /* TestColonyUITests */ = {
			isa = PBXNativeTarget;
			buildConfigurationList = 034F42161FBCC1A30079AE29 /* Build configuration list for PBXNativeTarget "TestColonyUITests" */;
			buildPhases = (
				034F42031FBCC1A30079AE29 /* Sources */,
				034F42041FBCC1A30079AE29 /* Frameworks */,
				034F42051FBCC1A30079AE29 /* Resources */,
			);
			buildRules = (
			);
			dependencies = (
				034F42091FBCC1A30079AE29 /* PBXTargetDependency */,
			);
			name = TestColonyUITests;
			productName = TestColonyUITests;
			productReference = 034F42071FBCC1A30079AE29 /* TestColonyUITests.xctest */;
			productType = "com.apple.product-type.bundle.ui-testing";
		};
/* End PBXNativeTarget section */

/* Begin PBXProject section */
		034F41E01FBCC1A20079AE29 /* Project object */ = {
			isa = PBXProject;
			attributes = {
				LastSwiftUpdateCheck = 0910;
				LastUpgradeCheck = 0910;
				ORGANIZATIONNAME = TheSucc;
				TargetAttributes = {
					034F41E71FBCC1A20079AE29 = {
						CreatedOnToolsVersion = 9.1;
						ProvisioningStyle = Automatic;
					};
					034F41FB1FBCC1A30079AE29 = {
						CreatedOnToolsVersion = 9.1;
						ProvisioningStyle = Automatic;
						TestTargetID = 034F41E71FBCC1A20079AE29;
					};
					034F42061FBCC1A30079AE29 = {
						CreatedOnToolsVersion = 9.1;
						ProvisioningStyle = Automatic;
						TestTargetID = 034F41E71FBCC1A20079AE29;
					};
				};
			};
			buildConfigurationList = 034F41E31FBCC1A20079AE29 /* Build configuration list for PBXProject "TestColony" */;
			compatibilityVersion = "Xcode 8.0";
			developmentRegion = en;
			hasScannedForEncodings = 0;
			knownRegions = (
				en,
				Base,
			);
			mainGroup = 034F41DF1FBCC1A20079AE29;
			productRefGroup = 034F41E91FBCC1A30079AE29 /* Products */;
			projectDirPath = "";
			projectRoot = "";
			targets = (
				034F41E71FBCC1A20079AE29 /* TestColony */,
				034F41FB1FBCC1A30079AE29 /* TestColonyTests */,
				034F42061FBCC1A30079AE29 /* TestColonyUITests */,
			);
		};
/* End PBXProject section */

/* Begin PBXResourcesBuildPhase section */
		034F41E61FBCC1A20079AE29 /* Resources */ = {
			isa = PBXResourcesBuildPhase;
			buildActionMask = 2147483647;
			files = (
				034F41F61FBCC1A30079AE29 /* LaunchScreen.storyboard in Resources */,
				034F41F31FBCC1A30079AE29 /* Assets.xcassets in Resources */,
				034F41F11FBCC1A30079AE29 /* Main.storyboard in Resources */,
			);
			runOnlyForDeploymentPostprocessing = 0;
		};
		034F41FA1FBCC1A30079AE29 /* Resources */ = {
			isa = PBXResourcesBuildPhase;
			buildActionMask = 2147483647;
			files = (
			);
			runOnlyForDeploymentPostprocessing = 0;
		};
		034F42051FBCC1A30079AE29 /* Resources */ = {
			isa = PBXResourcesBuildPhase;
			buildActionMask = 2147483647;
			files = (
			);
			runOnlyForDeploymentPostprocessing = 0;
		};
/* End PBXResourcesBuildPhase section */

/* Begin PBXSourcesBuildPhase section */
		034F41E41FBCC1A20079AE29 /* Sources */ = {
			isa = PBXSourcesBuildPhase;
			buildActionMask = 2147483647;
			files = (
				031C923F1FC0A992005BF3BD /* Grid.swift in Sources */,
				031C923D1FC0A709005BF3BD /* DetailViewController.swift in Sources */,
				0304F1D71FC35F5800BB9ACE /* GridCell.swift in Sources */,
				031C923B1FC0A4D0005BF3BD /* MasterViewController.swift in Sources */,
				0304F1D51FC272F000BB9ACE /* GridStore.swift in Sources */,
				034F41EC1FBCC1A30079AE29 /* AppDelegate.swift in Sources */,
			);
			runOnlyForDeploymentPostprocessing = 0;
		};
		034F41F81FBCC1A30079AE29 /* Sources */ = {
			isa = PBXSourcesBuildPhase;
			buildActionMask = 2147483647;
			files = (
				034F42011FBCC1A30079AE29 /* TestColonyTests.swift in Sources */,
			);
			runOnlyForDeploymentPostprocessing = 0;
		};
		034F42031FBCC1A30079AE29 /* Sources */ = {
			isa = PBXSourcesBuildPhase;
			buildActionMask = 2147483647;
			files = (
				034F420C1FBCC1A30079AE29 /* TestColonyUITests.swift in Sources */,
			);
			runOnlyForDeploymentPostprocessing = 0;
		};
/* End PBXSourcesBuildPhase section */

/* Begin PBXTargetDependency section */
		034F41FE1FBCC1A30079AE29 /* PBXTargetDependency */ = {
			isa = PBXTargetDependency;
			target = 034F41E71FBCC1A20079AE29 /* TestColony */;
			targetProxy = 034F41FD1FBCC1A30079AE29 /* PBXContainerItemProxy */;
		};
		034F42091FBCC1A30079AE29 /* PBXTargetDependency */ = {
			isa = PBXTargetDependency;
			target = 034F41E71FBCC1A20079AE29 /* TestColony */;
			targetProxy = 034F42081FBCC1A30079AE29 /* PBXContainerItemProxy */;
		};
/* End PBXTargetDependency section */

/* Begin PBXVariantGroup section */
		034F41EF1FBCC1A30079AE29 /* Main.storyboard */ = {
			isa = PBXVariantGroup;
			children = (
				034F41F01FBCC1A30079AE29 /* Base */,
			);
			name = Main.storyboard;
			sourceTree = "<group>";
		};
		034F41F41FBCC1A30079AE29 /* LaunchScreen.storyboard */ = {
			isa = PBXVariantGroup;
			children = (
				034F41F51FBCC1A30079AE29 /* Base */,
			);
			name = LaunchScreen.storyboard;
			sourceTree = "<group>";
		};
/* End PBXVariantGroup section */

/* Begin XCBuildConfiguration section */
		034F420E1FBCC1A30079AE29 /* Debug */ = {
			isa = XCBuildConfiguration;
			buildSettings = {
				ALWAYS_SEARCH_USER_PATHS = NO;
				CLANG_ANALYZER_NONNULL = YES;
				CLANG_ANALYZER_NUMBER_OBJECT_CONVERSION = YES_AGGRESSIVE;
				CLANG_CXX_LANGUAGE_STANDARD = "gnu++14";
				CLANG_CXX_LIBRARY = "libc++";
				CLANG_ENABLE_MODULES = YES;
				CLANG_ENABLE_OBJC_ARC = YES;
				CLANG_WARN_BLOCK_CAPTURE_AUTORELEASING = YES;
				CLANG_WARN_BOOL_CONVERSION = YES;
				CLANG_WARN_COMMA = YES;
				CLANG_WARN_CONSTANT_CONVERSION = YES;
				CLANG_WARN_DIRECT_OBJC_ISA_USAGE = YES_ERROR;
				CLANG_WARN_DOCUMENTATION_COMMENTS = YES;
				CLANG_WARN_EMPTY_BODY = YES;
				CLANG_WARN_ENUM_CONVERSION = YES;
				CLANG_WARN_INFINITE_RECURSION = YES;
				CLANG_WARN_INT_CONVERSION = YES;
				CLANG_WARN_NON_LITERAL_NULL_CONVERSION = YES;
				CLANG_WARN_OBJC_LITERAL_CONVERSION = YES;
				CLANG_WARN_OBJC_ROOT_CLASS = YES_ERROR;
				CLANG_WARN_RANGE_LOOP_ANALYSIS = YES;
				CLANG_WARN_STRICT_PROTOTYPES = YES;
				CLANG_WARN_SUSPICIOUS_MOVE = YES;
				CLANG_WARN_UNGUARDED_AVAILABILITY = YES_AGGRESSIVE;
				CLANG_WARN_UNREACHABLE_CODE = YES;
				CLANG_WARN__DUPLICATE_METHOD_MATCH = YES;
				CODE_SIGN_IDENTITY = "iPhone Developer";
				COPY_PHASE_STRIP = NO;
				DEBUG_INFORMATION_FORMAT = dwarf;
				ENABLE_STRICT_OBJC_MSGSEND = YES;
				ENABLE_TESTABILITY = YES;
				GCC_C_LANGUAGE_STANDARD = gnu11;
				GCC_DYNAMIC_NO_PIC = NO;
				GCC_NO_COMMON_BLOCKS = YES;
				GCC_OPTIMIZATION_LEVEL = 0;
				GCC_PREPROCESSOR_DEFINITIONS = (
					"DEBUG=1",
					"$(inherited)",
				);
				GCC_WARN_64_TO_32_BIT_CONVERSION = YES;
				GCC_WARN_ABOUT_RETURN_TYPE = YES_ERROR;
				GCC_WARN_UNDECLARED_SELECTOR = YES;
				GCC_WARN_UNINITIALIZED_AUTOS = YES_AGGRESSIVE;
				GCC_WARN_UNUSED_FUNCTION = YES;
				GCC_WARN_UNUSED_VARIABLE = YES;
				IPHONEOS_DEPLOYMENT_TARGET = 11.1;
				MTL_ENABLE_DEBUG_INFO = YES;
				ONLY_ACTIVE_ARCH = YES;
				SDKROOT = iphoneos;
				SWIFT_ACTIVE_COMPILATION_CONDITIONS = DEBUG;
				SWIFT_OPTIMIZATION_LEVEL = "-Onone";
			};
			name = Debug;
		};
		034F420F1FBCC1A30079AE29 /* Release */ = {
			isa = XCBuildConfiguration;
			buildSettings = {
				ALWAYS_SEARCH_USER_PATHS = NO;
				CLANG_ANALYZER_NONNULL = YES;
				CLANG_ANALYZER_NUMBER_OBJECT_CONVERSION = YES_AGGRESSIVE;
				CLANG_CXX_LANGUAGE_STANDARD = "gnu++14";
				CLANG_CXX_LIBRARY = "libc++";
				CLANG_ENABLE_MODULES = YES;
				CLANG_ENABLE_OBJC_ARC = YES;
				CLANG_WARN_BLOCK_CAPTURE_AUTORELEASING = YES;
				CLANG_WARN_BOOL_CONVERSION = YES;
				CLANG_WARN_COMMA = YES;
				CLANG_WARN_CONSTANT_CONVERSION = YES;
				CLANG_WARN_DIRECT_OBJC_ISA_USAGE = YES_ERROR;
				CLANG_WARN_DOCUMENTATION_COMMENTS = YES;
				CLANG_WARN_EMPTY_BODY = YES;
				CLANG_WARN_ENUM_CONVERSION = YES;
				CLANG_WARN_INFINITE_RECURSION = YES;
				CLANG_WARN_INT_CONVERSION = YES;
				CLANG_WARN_NON_LITERAL_NULL_CONVERSION = YES;
				CLANG_WARN_OBJC_LITERAL_CONVERSION = YES;
				CLANG_WARN_OBJC_ROOT_CLASS = YES_ERROR;
				CLANG_WARN_RANGE_LOOP_ANALYSIS = YES;
				CLANG_WARN_STRICT_PROTOTYPES = YES;
				CLANG_WARN_SUSPICIOUS_MOVE = YES;
				CLANG_WARN_UNGUARDED_AVAILABILITY = YES_AGGRESSIVE;
				CLANG_WARN_UNREACHABLE_CODE = YES;
				CLANG_WARN__DUPLICATE_METHOD_MATCH = YES;
				CODE_SIGN_IDENTITY = "iPhone Developer";
				COPY_PHASE_STRIP = NO;
				DEBUG_INFORMATION_FORMAT = "dwarf-with-dsym";
				ENABLE_NS_ASSERTIONS = NO;
				ENABLE_STRICT_OBJC_MSGSEND = YES;
				GCC_C_LANGUAGE_STANDARD = gnu11;
				GCC_NO_COMMON_BLOCKS = YES;
				GCC_WARN_64_TO_32_BIT_CONVERSION = YES;
				GCC_WARN_ABOUT_RETURN_TYPE = YES_ERROR;
				GCC_WARN_UNDECLARED_SELECTOR = YES;
				GCC_WARN_UNINITIALIZED_AUTOS = YES_AGGRESSIVE;
				GCC_WARN_UNUSED_FUNCTION = YES;
				GCC_WARN_UNUSED_VARIABLE = YES;
				IPHONEOS_DEPLOYMENT_TARGET = 11.1;
				MTL_ENABLE_DEBUG_INFO = NO;
				SDKROOT = iphoneos;
				SWIFT_OPTIMIZATION_LEVEL = "-Owholemodule";
				VALIDATE_PRODUCT = YES;
			};
			name = Release;
		};
		034F42111FBCC1A30079AE29 /* Debug */ = {
			isa = XCBuildConfiguration;
			buildSettings = {
				ASSETCATALOG_COMPILER_APPICON_NAME = AppIcon;
				CODE_SIGN_STYLE = Automatic;
				INFOPLIST_FILE = TestColony/Info.plist;
				LD_RUNPATH_SEARCH_PATHS = "$(inherited) @executable_path/Frameworks";
				PRODUCT_BUNDLE_IDENTIFIER = ey.TestColony;
				PRODUCT_NAME = "$(TARGET_NAME)";
				SWIFT_VERSION = 4.0;
				TARGETED_DEVICE_FAMILY = "1,2";
			};
			name = Debug;
		};
		034F42121FBCC1A30079AE29 /* Release */ = {
			isa = XCBuildConfiguration;
			buildSettings = {
				ASSETCATALOG_COMPILER_APPICON_NAME = AppIcon;
				CODE_SIGN_STYLE = Automatic;
				INFOPLIST_FILE = TestColony/Info.plist;
				LD_RUNPATH_SEARCH_PATHS = "$(inherited) @executable_path/Frameworks";
				PRODUCT_BUNDLE_IDENTIFIER = ey.TestColony;
				PRODUCT_NAME = "$(TARGET_NAME)";
				SWIFT_VERSION = 4.0;
				TARGETED_DEVICE_FAMILY = "1,2";
			};
			name = Release;
		};
		034F42141FBCC1A30079AE29 /* Debug */ = {
			isa = XCBuildConfiguration;
			buildSettings = {
				ALWAYS_EMBED_SWIFT_STANDARD_LIBRARIES = YES;
				BUNDLE_LOADER = "$(TEST_HOST)";
				CODE_SIGN_STYLE = Automatic;
				INFOPLIST_FILE = TestColonyTests/Info.plist;
				LD_RUNPATH_SEARCH_PATHS = "$(inherited) @executable_path/Frameworks @loader_path/Frameworks";
				PRODUCT_BUNDLE_IDENTIFIER = ey.TestColonyTests;
				PRODUCT_NAME = "$(TARGET_NAME)";
				SWIFT_VERSION = 4.0;
				TARGETED_DEVICE_FAMILY = "1,2";
				TEST_HOST = "$(BUILT_PRODUCTS_DIR)/TestColony.app/TestColony";
			};
			name = Debug;
		};
		034F42151FBCC1A30079AE29 /* Release */ = {
			isa = XCBuildConfiguration;
			buildSettings = {
				ALWAYS_EMBED_SWIFT_STANDARD_LIBRARIES = YES;
				BUNDLE_LOADER = "$(TEST_HOST)";
				CODE_SIGN_STYLE = Automatic;
				INFOPLIST_FILE = TestColonyTests/Info.plist;
				LD_RUNPATH_SEARCH_PATHS = "$(inherited) @executable_path/Frameworks @loader_path/Frameworks";
				PRODUCT_BUNDLE_IDENTIFIER = ey.TestColonyTests;
				PRODUCT_NAME = "$(TARGET_NAME)";
				SWIFT_VERSION = 4.0;
				TARGETED_DEVICE_FAMILY = "1,2";
				TEST_HOST = "$(BUILT_PRODUCTS_DIR)/TestColony.app/TestColony";
			};
			name = Release;
		};
		034F42171FBCC1A30079AE29 /* Debug */ = {
			isa = XCBuildConfiguration;
			buildSettings = {
				ALWAYS_EMBED_SWIFT_STANDARD_LIBRARIES = YES;
				CODE_SIGN_STYLE = Automatic;
				INFOPLIST_FILE = TestColonyUITests/Info.plist;
				LD_RUNPATH_SEARCH_PATHS = "$(inherited) @executable_path/Frameworks @loader_path/Frameworks";
				PRODUCT_BUNDLE_IDENTIFIER = ey.TestColonyUITests;
				PRODUCT_NAME = "$(TARGET_NAME)";
				SWIFT_VERSION = 4.0;
				TARGETED_DEVICE_FAMILY = "1,2";
				TEST_TARGET_NAME = TestColony;
			};
			name = Debug;
		};
		034F42181FBCC1A30079AE29 /* Release */ = {
			isa = XCBuildConfiguration;
			buildSettings = {
				ALWAYS_EMBED_SWIFT_STANDARD_LIBRARIES = YES;
				CODE_SIGN_STYLE = Automatic;
				INFOPLIST_FILE = TestColonyUITests/Info.plist;
				LD_RUNPATH_SEARCH_PATHS = "$(inherited) @executable_path/Frameworks @loader_path/Frameworks";
				PRODUCT_BUNDLE_IDENTIFIER = ey.TestColonyUITests;
				PRODUCT_NAME = "$(TARGET_NAME)";
				SWIFT_VERSION = 4.0;
				TARGETED_DEVICE_FAMILY = "1,2";
				TEST_TARGET_NAME = TestColony;
			};
			name = Release;
		};
/* End XCBuildConfiguration section */

/* Begin XCConfigurationList section */
		034F41E31FBCC1A20079AE29 /* Build configuration list for PBXProject "TestColony" */ = {
			isa = XCConfigurationList;
			buildConfigurations = (
				034F420E1FBCC1A30079AE29 /* Debug */,
				034F420F1FBCC1A30079AE29 /* Release */,
			);
			defaultConfigurationIsVisible = 0;
			defaultConfigurationName = Release;
		};
		034F42101FBCC1A30079AE29 /* Build configuration list for PBXNativeTarget "TestColony" */ = {
			isa = XCConfigurationList;
			buildConfigurations = (
				034F42111FBCC1A30079AE29 /* Debug */,
				034F42121FBCC1A30079AE29 /* Release */,
			);
			defaultConfigurationIsVisible = 0;
			defaultConfigurationName = Release;
		};
		034F42131FBCC1A30079AE29 /* Build configuration list for PBXNativeTarget "TestColonyTests" */ = {
			isa = XCConfigurationList;
			buildConfigurations = (
				034F42141FBCC1A30079AE29 /* Debug */,
				034F42151FBCC1A30079AE29 /* Release */,
			);
			defaultConfigurationIsVisible = 0;
			defaultConfigurationName = Release;
		};
		034F42161FBCC1A30079AE29 /* Build configuration list for PBXNativeTarget "TestColonyUITests" */ = {
			isa = XCConfigurationList;
			buildConfigurations = (
				034F42171FBCC1A30079AE29 /* Debug */,
				034F42181FBCC1A30079AE29 /* Release */,
			);
			defaultConfigurationIsVisible = 0;
			defaultConfigurationName = Release;
		};
/* End XCConfigurationList section */
	};
	rootObject = 034F41E01FBCC1A20079AE29 /* Project object */;
}
